
Microsoft Visual Studio Solution File, Format Version 12.00
# Visual Studio Version 17
VisualStudioVersion = 17.14.36401.2
MinimumVisualStudioVersion = 10.0.40219.1
Project("{FAE04EC0-301F-11D3-BF4B-00C04F79EFBC}") = "Banking.Domain", "src\Banking.Domain\Banking.Domain.csproj", "{5A2BC090-F1B0-4BA6-B15A-38178542E4AB}"
EndProject
Project("{FAE04EC0-301F-11D3-BF4B-00C04F79EFBC}") = "Banking.Application", "src\Banking.Application\Banking.Application.csproj", "{A76E8486-F159-438F-A2C2-A92414D8FECE}"
EndProject
Project("{FAE04EC0-301F-11D3-BF4B-00C04F79EFBC}") = "Banking.Infrastructure", "src\Banking.Infrastructure\Banking.Infrastructure.csproj", "{CE7C985B-86FC-400A-A926-59E49AD9B094}"
EndProject
Project("{FAE04EC0-301F-11D3-BF4B-00C04F79EFBC}") = "Banking.UnitTests", "tests\Banking.UnitTests\Banking.UnitTests.csproj", "{B459567D-3197-4166-887A-CC33B28253DF}"
EndProject
Project("{FAE04EC0-301F-11D3-BF4B-00C04F79EFBC}") = "Banking.WebApi", "src\Banking.WebApi\Banking.WebApi.csproj", "{A9C508B5-AF4B-4195-A8A8-54D8300E79D4}"
EndProject
Global
	GlobalSection(SolutionConfigurationPlatforms) = preSolution
		Debug|Any CPU = Debug|Any CPU
		Release|Any CPU = Release|Any CPU
	EndGlobalSection
	GlobalSection(ProjectConfigurationPlatforms) = postSolution
		{5A2BC090-F1B0-4BA6-B15A-38178542E4AB}.Debug|Any CPU.ActiveCfg = Debug|Any CPU
		{5A2BC090-F1B0-4BA6-B15A-38178542E4AB}.Debug|Any CPU.Build.0 = Debug|Any CPU
		{5A2BC090-F1B0-4BA6-B15A-38178542E4AB}.Release|Any CPU.ActiveCfg = Release|Any CPU
		{5A2BC090-F1B0-4BA6-B15A-38178542E4AB}.Release|Any CPU.Build.0 = Release|Any CPU
		{A76E8486-F159-438F-A2C2-A92414D8FECE}.Debug|Any CPU.ActiveCfg = Debug|Any CPU
		{A76E8486-F159-438F-A2C2-A92414D8FECE}.Debug|Any CPU.Build.0 = Debug|Any CPU
		{A76E8486-F159-438F-A2C2-A92414D8FECE}.Release|Any CPU.ActiveCfg = Release|Any CPU
		{A76E8486-F159-438F-A2C2-A92414D8FECE}.Release|Any CPU.Build.0 = Release|Any CPU
		{CE7C985B-86FC-400A-A926-59E49AD9B094}.Debug|Any CPU.ActiveCfg = Debug|Any CPU
		{CE7C985B-86FC-400A-A926-59E49AD9B094}.Debug|Any CPU.Build.0 = Debug|Any CPU
		{CE7C985B-86FC-400A-A926-59E49AD9B094}.Release|Any CPU.ActiveCfg = Release|Any CPU
		{CE7C985B-86FC-400A-A926-59E49AD9B094}.Release|Any CPU.Build.0 = Release|Any CPU
		{B459567D-3197-4166-887A-CC33B28253DF}.Debug|Any CPU.ActiveCfg = Debug|Any CPU
		{B459567D-3197-4166-887A-CC33B28253DF}.Debug|Any CPU.Build.0 = Debug|Any CPU
		{B459567D-3197-4166-887A-CC33B28253DF}.Release|Any CPU.ActiveCfg = Release|Any CPU
		{B459567D-3197-4166-887A-CC33B28253DF}.Release|Any CPU.Build.0 = Release|Any CPU
		{A9C508B5-AF4B-4195-A8A8-54D8300E79D4}.Debug|Any CPU.ActiveCfg = Debug|Any CPU
		{A9C508B5-AF4B-4195-A8A8-54D8300E79D4}.Debug|Any CPU.Build.0 = Debug|Any CPU
		{A9C508B5-AF4B-4195-A8A8-54D8300E79D4}.Release|Any CPU.ActiveCfg = Release|Any CPU
		{A9C508B5-AF4B-4195-A8A8-54D8300E79D4}.Release|Any CPU.Build.0 = Release|Any CPU
	EndGlobalSection
	GlobalSection(SolutionProperties) = preSolution
		HideSolutionNode = FALSE
	EndGlobalSection
	GlobalSection(ExtensibilityGlobals) = postSolution
		SolutionGuid = {487A27CB-30FF-45F6-BA37-E39B1953BE7C}
	EndGlobalSection
EndGlobal
