
Microsoft Visual Studio Solution File, Format Version 12.00
# Visual Studio Version 17
VisualStudioVersion = 17.14.36401.2
MinimumVisualStudioVersion = 10.0.40219.1
Project("{2150E333-8FDC-42A3-9474-1A3956D46DE8}") = ".github", ".github", "{02EA681E-C7D8-13C7-8484-4AC65E1B71E8}"
EndProject
Project("{2150E333-8FDC-42A3-9474-1A3956D46DE8}") = "workFlows", "workFlows", "{B0F6A994-BF59-4194-A1C8-091FBA6F0A2C}"
	ProjectSection(SolutionItems) = preProject
		ci-cd.yml = ci-cd.yml
	EndProjectSection
EndProject
Project("{2150E333-8FDC-42A3-9474-1A3956D46DE8}") = "Solution Items", "Solution Items", "{8EC462FD-D22E-90A8-E5CE-7E832BA40C5D}"
	ProjectSection(SolutionItems) = preProject
		.gitignore = .gitignore
		README.md = README.md
	EndProjectSection
EndProject
Project("{2150E333-8FDC-42A3-9474-1A3956D46DE8}") = "src", "src", "{827E0CD3-B72D-47B6-A68D-7590B98EB39B}"
EndProject
Project("{2150E333-8FDC-42A3-9474-1A3956D46DE8}") = "Customers", "Customers", "{074A21B6-DFB4-479E-AB51-00AEA682F23A}"
EndProject
Project("{2150E333-8FDC-42A3-9474-1A3956D46DE8}") = "Transactions", "Transactions", "{BA4A7B39-3B78-49C7-A0D6-E6CF2B102FB4}"
EndProject
Project("{FAE04EC0-301F-11D3-BF4B-00C04F79EFBC}") = "Customers.Api", "src\Customers\Customers.Api\Customers.Api.csproj", "{52051686-4C63-8B9A-7329-8E52BE18554E}"
EndProject
Project("{FAE04EC0-301F-11D3-BF4B-00C04F79EFBC}") = "Customers.Application", "src\Customers\Customers.Application\Customers.Application.csproj", "{42CB02D5-F675-BA0E-FE44-67F694450EBA}"
EndProject
Project("{FAE04EC0-301F-11D3-BF4B-00C04F79EFBC}") = "Customers.Domain", "src\Customers\Customers.Domain\Customers.Domain.csproj", "{E7EEB553-2C93-0D2C-0BFF-8604080806BD}"
EndProject
Project("{FAE04EC0-301F-11D3-BF4B-00C04F79EFBC}") = "Customers.Infrastructure", "src\Customers\Customers.Infrastructure\Customers.Infrastructure.csproj", "{8D250FA6-0410-EA67-2A66-0A73570338A6}"
EndProject
Project("{FAE04EC0-301F-11D3-BF4B-00C04F79EFBC}") = "Transactions.Infrastructure", "src\Transactions\Transactions.Infrastructure\Transactions.Infrastructure.csproj", "{FC614BAF-AE54-EF27-7E91-306D0EAAA7E1}"
EndProject
Project("{FAE04EC0-301F-11D3-BF4B-00C04F79EFBC}") = "Transactions.Domain", "src\Transactions\Transactions.Domain\Transactions.Domain.csproj", "{CF864762-B4B1-6DEA-E154-23F85AD9FCD2}"
EndProject
Project("{FAE04EC0-301F-11D3-BF4B-00C04F79EFBC}") = "Transactions.Application", "src\Transactions\Transactions.Application\Transactions.Application.csproj", "{BA100AE7-6E03-CFD2-5C85-ABDDC0B2FE0A}"
EndProject
Project("{FAE04EC0-301F-11D3-BF4B-00C04F79EFBC}") = "Transactions.Api", "src\Transactions\Transactions.Api\Transactions.Api.csproj", "{3AE36787-4480-DD91-BB14-14271CBFC220}"
EndProject
Project("{FAE04EC0-301F-11D3-BF4B-00C04F79EFBC}") = "Banking.Messaging", "src\Banking.Messaging\Banking.Messaging.csproj", "{A87E62D1-242C-6C15-2640-8EAAA4E014CE}"
EndProject
Project("{2150E333-8FDC-42A3-9474-1A3956D46DE8}") = "test", "test", "{B4E8A299-F9D9-429A-B92C-D0ECB7B5879C}"
EndProject
Project("{FAE04EC0-301F-11D3-BF4B-00C04F79EFBC}") = "Banking.UnitTests", "src\tests\Banking.UnitTests\Banking.UnitTests.csproj", "{28A6C137-0606-D205-1A57-0D881550C3EF}"
EndProject
Project("{E53339B2-1760-4266-BCC7-CA923CBCF16C}") = "docker-compose", "docker-compose.dcproj", "{81DDED9D-158B-E303-5F62-77A2896D2A5A}"
EndProject
Global
	GlobalSection(SolutionConfigurationPlatforms) = preSolution
		Debug|Any CPU = Debug|Any CPU
		Debug|x64 = Debug|x64
		Debug|x86 = Debug|x86
		Release|Any CPU = Release|Any CPU
		Release|x64 = Release|x64
		Release|x86 = Release|x86
	EndGlobalSection
	GlobalSection(ProjectConfigurationPlatforms) = postSolution
		{52051686-4C63-8B9A-7329-8E52BE18554E}.Debug|Any CPU.ActiveCfg = Debug|Any CPU
		{52051686-4C63-8B9A-7329-8E52BE18554E}.Debug|Any CPU.Build.0 = Debug|Any CPU
		{52051686-4C63-8B9A-7329-8E52BE18554E}.Debug|x64.ActiveCfg = Debug|Any CPU
		{52051686-4C63-8B9A-7329-8E52BE18554E}.Debug|x64.Build.0 = Debug|Any CPU
		{52051686-4C63-8B9A-7329-8E52BE18554E}.Debug|x86.ActiveCfg = Debug|Any CPU
		{52051686-4C63-8B9A-7329-8E52BE18554E}.Debug|x86.Build.0 = Debug|Any CPU
		{52051686-4C63-8B9A-7329-8E52BE18554E}.Release|Any CPU.ActiveCfg = Release|Any CPU
		{52051686-4C63-8B9A-7329-8E52BE18554E}.Release|Any CPU.Build.0 = Release|Any CPU
		{52051686-4C63-8B9A-7329-8E52BE18554E}.Release|x64.ActiveCfg = Release|Any CPU
		{52051686-4C63-8B9A-7329-8E52BE18554E}.Release|x64.Build.0 = Release|Any CPU
		{52051686-4C63-8B9A-7329-8E52BE18554E}.Release|x86.ActiveCfg = Release|Any CPU
		{52051686-4C63-8B9A-7329-8E52BE18554E}.Release|x86.Build.0 = Release|Any CPU
		{42CB02D5-F675-BA0E-FE44-67F694450EBA}.Debug|Any CPU.ActiveCfg = Debug|Any CPU
		{42CB02D5-F675-BA0E-FE44-67F694450EBA}.Debug|Any CPU.Build.0 = Debug|Any CPU
		{42CB02D5-F675-BA0E-FE44-67F694450EBA}.Debug|x64.ActiveCfg = Debug|Any CPU
		{42CB02D5-F675-BA0E-FE44-67F694450EBA}.Debug|x64.Build.0 = Debug|Any CPU
		{42CB02D5-F675-BA0E-FE44-67F694450EBA}.Debug|x86.ActiveCfg = Debug|Any CPU
		{42CB02D5-F675-BA0E-FE44-67F694450EBA}.Debug|x86.Build.0 = Debug|Any CPU
		{42CB02D5-F675-BA0E-FE44-67F694450EBA}.Release|Any CPU.ActiveCfg = Release|Any CPU
		{42CB02D5-F675-BA0E-FE44-67F694450EBA}.Release|Any CPU.Build.0 = Release|Any CPU
		{42CB02D5-F675-BA0E-FE44-67F694450EBA}.Release|x64.ActiveCfg = Release|Any CPU
		{42CB02D5-F675-BA0E-FE44-67F694450EBA}.Release|x64.Build.0 = Release|Any CPU
		{42CB02D5-F675-BA0E-FE44-67F694450EBA}.Release|x86.ActiveCfg = Release|Any CPU
		{42CB02D5-F675-BA0E-FE44-67F694450EBA}.Release|x86.Build.0 = Release|Any CPU
		{E7EEB553-2C93-0D2C-0BFF-8604080806BD}.Debug|Any CPU.ActiveCfg = Debug|Any CPU
		{E7EEB553-2C93-0D2C-0BFF-8604080806BD}.Debug|Any CPU.Build.0 = Debug|Any CPU
		{E7EEB553-2C93-0D2C-0BFF-8604080806BD}.Debug|x64.ActiveCfg = Debug|Any CPU
		{E7EEB553-2C93-0D2C-0BFF-8604080806BD}.Debug|x64.Build.0 = Debug|Any CPU
		{E7EEB553-2C93-0D2C-0BFF-8604080806BD}.Debug|x86.ActiveCfg = Debug|Any CPU
		{E7EEB553-2C93-0D2C-0BFF-8604080806BD}.Debug|x86.Build.0 = Debug|Any CPU
		{E7EEB553-2C93-0D2C-0BFF-8604080806BD}.Release|Any CPU.ActiveCfg = Release|Any CPU
		{E7EEB553-2C93-0D2C-0BFF-8604080806BD}.Release|Any CPU.Build.0 = Release|Any CPU
		{E7EEB553-2C93-0D2C-0BFF-8604080806BD}.Release|x64.ActiveCfg = Release|Any CPU
		{E7EEB553-2C93-0D2C-0BFF-8604080806BD}.Release|x64.Build.0 = Release|Any CPU
		{E7EEB553-2C93-0D2C-0BFF-8604080806BD}.Release|x86.ActiveCfg = Release|Any CPU
		{E7EEB553-2C93-0D2C-0BFF-8604080806BD}.Release|x86.Build.0 = Release|Any CPU
		{8D250FA6-0410-EA67-2A66-0A73570338A6}.Debug|Any CPU.ActiveCfg = Debug|Any CPU
		{8D250FA6-0410-EA67-2A66-0A73570338A6}.Debug|Any CPU.Build.0 = Debug|Any CPU
		{8D250FA6-0410-EA67-2A66-0A73570338A6}.Debug|x64.ActiveCfg = Debug|Any CPU
		{8D250FA6-0410-EA67-2A66-0A73570338A6}.Debug|x64.Build.0 = Debug|Any CPU
		{8D250FA6-0410-EA67-2A66-0A73570338A6}.Debug|x86.ActiveCfg = Debug|Any CPU
		{8D250FA6-0410-EA67-2A66-0A73570338A6}.Debug|x86.Build.0 = Debug|Any CPU
		{8D250FA6-0410-EA67-2A66-0A73570338A6}.Release|Any CPU.ActiveCfg = Release|Any CPU
		{8D250FA6-0410-EA67-2A66-0A73570338A6}.Release|Any CPU.Build.0 = Release|Any CPU
		{8D250FA6-0410-EA67-2A66-0A73570338A6}.Release|x64.ActiveCfg = Release|Any CPU
		{8D250FA6-0410-EA67-2A66-0A73570338A6}.Release|x64.Build.0 = Release|Any CPU
		{8D250FA6-0410-EA67-2A66-0A73570338A6}.Release|x86.ActiveCfg = Release|Any CPU
		{8D250FA6-0410-EA67-2A66-0A73570338A6}.Release|x86.Build.0 = Release|Any CPU
		{FC614BAF-AE54-EF27-7E91-306D0EAAA7E1}.Debug|Any CPU.ActiveCfg = Debug|Any CPU
		{FC614BAF-AE54-EF27-7E91-306D0EAAA7E1}.Debug|Any CPU.Build.0 = Debug|Any CPU
		{FC614BAF-AE54-EF27-7E91-306D0EAAA7E1}.Debug|x64.ActiveCfg = Debug|Any CPU
		{FC614BAF-AE54-EF27-7E91-306D0EAAA7E1}.Debug|x64.Build.0 = Debug|Any CPU
		{FC614BAF-AE54-EF27-7E91-306D0EAAA7E1}.Debug|x86.ActiveCfg = Debug|Any CPU
		{FC614BAF-AE54-EF27-7E91-306D0EAAA7E1}.Debug|x86.Build.0 = Debug|Any CPU
		{FC614BAF-AE54-EF27-7E91-306D0EAAA7E1}.Release|Any CPU.ActiveCfg = Release|Any CPU
		{FC614BAF-AE54-EF27-7E91-306D0EAAA7E1}.Release|Any CPU.Build.0 = Release|Any CPU
		{FC614BAF-AE54-EF27-7E91-306D0EAAA7E1}.Release|x64.ActiveCfg = Release|Any CPU
		{FC614BAF-AE54-EF27-7E91-306D0EAAA7E1}.Release|x64.Build.0 = Release|Any CPU
		{FC614BAF-AE54-EF27-7E91-306D0EAAA7E1}.Release|x86.ActiveCfg = Release|Any CPU
		{FC614BAF-AE54-EF27-7E91-306D0EAAA7E1}.Release|x86.Build.0 = Release|Any CPU
		{CF864762-B4B1-6DEA-E154-23F85AD9FCD2}.Debug|Any CPU.ActiveCfg = Debug|Any CPU
		{CF864762-B4B1-6DEA-E154-23F85AD9FCD2}.Debug|Any CPU.Build.0 = Debug|Any CPU
		{CF864762-B4B1-6DEA-E154-23F85AD9FCD2}.Debug|x64.ActiveCfg = Debug|Any CPU
		{CF864762-B4B1-6DEA-E154-23F85AD9FCD2}.Debug|x64.Build.0 = Debug|Any CPU
		{CF864762-B4B1-6DEA-E154-23F85AD9FCD2}.Debug|x86.ActiveCfg = Debug|Any CPU
		{CF864762-B4B1-6DEA-E154-23F85AD9FCD2}.Debug|x86.Build.0 = Debug|Any CPU
		{CF864762-B4B1-6DEA-E154-23F85AD9FCD2}.Release|Any CPU.ActiveCfg = Release|Any CPU
		{CF864762-B4B1-6DEA-E154-23F85AD9FCD2}.Release|Any CPU.Build.0 = Release|Any CPU
		{CF864762-B4B1-6DEA-E154-23F85AD9FCD2}.Release|x64.ActiveCfg = Release|Any CPU
		{CF864762-B4B1-6DEA-E154-23F85AD9FCD2}.Release|x64.Build.0 = Release|Any CPU
		{CF864762-B4B1-6DEA-E154-23F85AD9FCD2}.Release|x86.ActiveCfg = Release|Any CPU
		{CF864762-B4B1-6DEA-E154-23F85AD9FCD2}.Release|x86.Build.0 = Release|Any CPU
		{BA100AE7-6E03-CFD2-5C85-ABDDC0B2FE0A}.Debug|Any CPU.ActiveCfg = Debug|Any CPU
		{BA100AE7-6E03-CFD2-5C85-ABDDC0B2FE0A}.Debug|Any CPU.Build.0 = Debug|Any CPU
		{BA100AE7-6E03-CFD2-5C85-ABDDC0B2FE0A}.Debug|x64.ActiveCfg = Debug|Any CPU
		{BA100AE7-6E03-CFD2-5C85-ABDDC0B2FE0A}.Debug|x64.Build.0 = Debug|Any CPU
		{BA100AE7-6E03-CFD2-5C85-ABDDC0B2FE0A}.Debug|x86.ActiveCfg = Debug|Any CPU
		{BA100AE7-6E03-CFD2-5C85-ABDDC0B2FE0A}.Debug|x86.Build.0 = Debug|Any CPU
		{BA100AE7-6E03-CFD2-5C85-ABDDC0B2FE0A}.Release|Any CPU.ActiveCfg = Release|Any CPU
		{BA100AE7-6E03-CFD2-5C85-ABDDC0B2FE0A}.Release|Any CPU.Build.0 = Release|Any CPU
		{BA100AE7-6E03-CFD2-5C85-ABDDC0B2FE0A}.Release|x64.ActiveCfg = Release|Any CPU
		{BA100AE7-6E03-CFD2-5C85-ABDDC0B2FE0A}.Release|x64.Build.0 = Release|Any CPU
		{BA100AE7-6E03-CFD2-5C85-ABDDC0B2FE0A}.Release|x86.ActiveCfg = Release|Any CPU
		{BA100AE7-6E03-CFD2-5C85-ABDDC0B2FE0A}.Release|x86.Build.0 = Release|Any CPU
		{3AE36787-4480-DD91-BB14-14271CBFC220}.Debug|Any CPU.ActiveCfg = Debug|Any CPU
		{3AE36787-4480-DD91-BB14-14271CBFC220}.Debug|Any CPU.Build.0 = Debug|Any CPU
		{3AE36787-4480-DD91-BB14-14271CBFC220}.Debug|x64.ActiveCfg = Debug|Any CPU
		{3AE36787-4480-DD91-BB14-14271CBFC220}.Debug|x64.Build.0 = Debug|Any CPU
		{3AE36787-4480-DD91-BB14-14271CBFC220}.Debug|x86.ActiveCfg = Debug|Any CPU
		{3AE36787-4480-DD91-BB14-14271CBFC220}.Debug|x86.Build.0 = Debug|Any CPU
		{3AE36787-4480-DD91-BB14-14271CBFC220}.Release|Any CPU.ActiveCfg = Release|Any CPU
		{3AE36787-4480-DD91-BB14-14271CBFC220}.Release|Any CPU.Build.0 = Release|Any CPU
		{3AE36787-4480-DD91-BB14-14271CBFC220}.Release|x64.ActiveCfg = Release|Any CPU
		{3AE36787-4480-DD91-BB14-14271CBFC220}.Release|x64.Build.0 = Release|Any CPU
		{3AE36787-4480-DD91-BB14-14271CBFC220}.Release|x86.ActiveCfg = Release|Any CPU
		{3AE36787-4480-DD91-BB14-14271CBFC220}.Release|x86.Build.0 = Release|Any CPU
		{A87E62D1-242C-6C15-2640-8EAAA4E014CE}.Debug|Any CPU.ActiveCfg = Debug|Any CPU
		{A87E62D1-242C-6C15-2640-8EAAA4E014CE}.Debug|Any CPU.Build.0 = Debug|Any CPU
		{A87E62D1-242C-6C15-2640-8EAAA4E014CE}.Debug|x64.ActiveCfg = Debug|Any CPU
		{A87E62D1-242C-6C15-2640-8EAAA4E014CE}.Debug|x64.Build.0 = Debug|Any CPU
		{A87E62D1-242C-6C15-2640-8EAAA4E014CE}.Debug|x86.ActiveCfg = Debug|Any CPU
		{A87E62D1-242C-6C15-2640-8EAAA4E014CE}.Debug|x86.Build.0 = Debug|Any CPU
		{A87E62D1-242C-6C15-2640-8EAAA4E014CE}.Release|Any CPU.ActiveCfg = Release|Any CPU
		{A87E62D1-242C-6C15-2640-8EAAA4E014CE}.Release|Any CPU.Build.0 = Release|Any CPU
		{A87E62D1-242C-6C15-2640-8EAAA4E014CE}.Release|x64.ActiveCfg = Release|Any CPU
		{A87E62D1-242C-6C15-2640-8EAAA4E014CE}.Release|x64.Build.0 = Release|Any CPU
		{A87E62D1-242C-6C15-2640-8EAAA4E014CE}.Release|x86.ActiveCfg = Release|Any CPU
		{A87E62D1-242C-6C15-2640-8EAAA4E014CE}.Release|x86.Build.0 = Release|Any CPU
		{28A6C137-0606-D205-1A57-0D881550C3EF}.Debug|Any CPU.ActiveCfg = Debug|Any CPU
		{28A6C137-0606-D205-1A57-0D881550C3EF}.Debug|Any CPU.Build.0 = Debug|Any CPU
		{28A6C137-0606-D205-1A57-0D881550C3EF}.Debug|x64.ActiveCfg = Debug|Any CPU
		{28A6C137-0606-D205-1A57-0D881550C3EF}.Debug|x64.Build.0 = Debug|Any CPU
		{28A6C137-0606-D205-1A57-0D881550C3EF}.Debug|x86.ActiveCfg = Debug|Any CPU
		{28A6C137-0606-D205-1A57-0D881550C3EF}.Debug|x86.Build.0 = Debug|Any CPU
		{28A6C137-0606-D205-1A57-0D881550C3EF}.Release|Any CPU.ActiveCfg = Release|Any CPU
		{28A6C137-0606-D205-1A57-0D881550C3EF}.Release|Any CPU.Build.0 = Release|Any CPU
		{28A6C137-0606-D205-1A57-0D881550C3EF}.Release|x64.ActiveCfg = Release|Any CPU
		{28A6C137-0606-D205-1A57-0D881550C3EF}.Release|x64.Build.0 = Release|Any CPU
		{28A6C137-0606-D205-1A57-0D881550C3EF}.Release|x86.ActiveCfg = Release|Any CPU
		{28A6C137-0606-D205-1A57-0D881550C3EF}.Release|x86.Build.0 = Release|Any CPU
		{81DDED9D-158B-E303-5F62-77A2896D2A5A}.Debug|Any CPU.ActiveCfg = Debug|Any CPU
		{81DDED9D-158B-E303-5F62-77A2896D2A5A}.Debug|Any CPU.Build.0 = Debug|Any CPU
		{81DDED9D-158B-E303-5F62-77A2896D2A5A}.Debug|x64.ActiveCfg = Debug|Any CPU
		{81DDED9D-158B-E303-5F62-77A2896D2A5A}.Debug|x64.Build.0 = Debug|Any CPU
		{81DDED9D-158B-E303-5F62-77A2896D2A5A}.Debug|x86.ActiveCfg = Debug|Any CPU
		{81DDED9D-158B-E303-5F62-77A2896D2A5A}.Debug|x86.Build.0 = Debug|Any CPU
		{81DDED9D-158B-E303-5F62-77A2896D2A5A}.Release|Any CPU.ActiveCfg = Release|Any CPU
		{81DDED9D-158B-E303-5F62-77A2896D2A5A}.Release|Any CPU.Build.0 = Release|Any CPU
		{81DDED9D-158B-E303-5F62-77A2896D2A5A}.Release|x64.ActiveCfg = Release|Any CPU
		{81DDED9D-158B-E303-5F62-77A2896D2A5A}.Release|x64.Build.0 = Release|Any CPU
		{81DDED9D-158B-E303-5F62-77A2896D2A5A}.Release|x86.ActiveCfg = Release|Any CPU
		{81DDED9D-158B-E303-5F62-77A2896D2A5A}.Release|x86.Build.0 = Release|Any CPU
	EndGlobalSection
	GlobalSection(SolutionProperties) = preSolution
		HideSolutionNode = FALSE
	EndGlobalSection
	GlobalSection(NestedProjects) = preSolution
		{B0F6A994-BF59-4194-A1C8-091FBA6F0A2C} = {02EA681E-C7D8-13C7-8484-4AC65E1B71E8}
		{074A21B6-DFB4-479E-AB51-00AEA682F23A} = {827E0CD3-B72D-47B6-A68D-7590B98EB39B}
		{BA4A7B39-3B78-49C7-A0D6-E6CF2B102FB4} = {827E0CD3-B72D-47B6-A68D-7590B98EB39B}
		{52051686-4C63-8B9A-7329-8E52BE18554E} = {074A21B6-DFB4-479E-AB51-00AEA682F23A}
		{42CB02D5-F675-BA0E-FE44-67F694450EBA} = {074A21B6-DFB4-479E-AB51-00AEA682F23A}
		{E7EEB553-2C93-0D2C-0BFF-8604080806BD} = {074A21B6-DFB4-479E-AB51-00AEA682F23A}
		{8D250FA6-0410-EA67-2A66-0A73570338A6} = {074A21B6-DFB4-479E-AB51-00AEA682F23A}
		{FC614BAF-AE54-EF27-7E91-306D0EAAA7E1} = {BA4A7B39-3B78-49C7-A0D6-E6CF2B102FB4}
		{CF864762-B4B1-6DEA-E154-23F85AD9FCD2} = {BA4A7B39-3B78-49C7-A0D6-E6CF2B102FB4}
		{BA100AE7-6E03-CFD2-5C85-ABDDC0B2FE0A} = {BA4A7B39-3B78-49C7-A0D6-E6CF2B102FB4}
		{3AE36787-4480-DD91-BB14-14271CBFC220} = {BA4A7B39-3B78-49C7-A0D6-E6CF2B102FB4}
		{A87E62D1-242C-6C15-2640-8EAAA4E014CE} = {827E0CD3-B72D-47B6-A68D-7590B98EB39B}
		{B4E8A299-F9D9-429A-B92C-D0ECB7B5879C} = {827E0CD3-B72D-47B6-A68D-7590B98EB39B}
		{28A6C137-0606-D205-1A57-0D881550C3EF} = {B4E8A299-F9D9-429A-B92C-D0ECB7B5879C}
	EndGlobalSection
	GlobalSection(ExtensibilityGlobals) = postSolution
		SolutionGuid = {487A27CB-30FF-45F6-BA37-E39B1953BE7C}
	EndGlobalSection
EndGlobal
